
Microsoft Visual Studio Solution File, Format Version 12.00
# Visual Studio Version 16
VisualStudioVersion = 16.0.28803.202
MinimumVisualStudioVersion = 10.0.40219.1
Project("{FAE04EC0-301F-11D3-BF4B-00C04F79EFBC}") = "WpfMVVMBasic", "WpfMVVMBasic\WpfMVVMBasic.csproj", "{B3D4BBD5-1B6D-4DF1-B2D8-8B706ABA497C}"
EndProject
Global
	GlobalSection(SolutionConfigurationPlatforms) = preSolution
		Debug|Any CPU = Debug|Any CPU
		Release|Any CPU = Release|Any CPU
	EndGlobalSection
	GlobalSection(ProjectConfigurationPlatforms) = postSolution
		{B3D4BBD5-1B6D-4DF1-B2D8-8B706ABA497C}.Debug|Any CPU.ActiveCfg = Debug|Any CPU
		{B3D4BBD5-1B6D-4DF1-B2D8-8B706ABA497C}.Debug|Any CPU.Build.0 = Debug|Any CPU
		{B3D4BBD5-1B6D-4DF1-B2D8-8B706ABA497C}.Release|Any CPU.ActiveCfg = Release|Any CPU
		{B3D4BBD5-1B6D-4DF1-B2D8-8B706ABA497C}.Release|Any CPU.Build.0 = Release|Any CPU
	EndGlobalSection
	GlobalSection(SolutionProperties) = preSolution
		HideSolutionNode = FALSE
	EndGlobalSection
	GlobalSection(ExtensibilityGlobals) = postSolution
		SolutionGuid = {F439CEAB-C025-475D-A5AC-4532C8F9579D}
	EndGlobalSection
EndGlobal
